
Microsoft Visual Studio Solution File, Format Version 12.00
# Visual Studio Version 17
VisualStudioVersion = 17.4.33110.190
MinimumVisualStudioVersion = 10.0.40219.1
Project("{9A19103F-16F7-4668-BE54-9A1E7A4F7556}") = "GoOS", "GoOS.csproj", "{12DEBE20-F552-4497-B516-63B4048848CB}"
EndProject
Project("{9A19103F-16F7-4668-BE54-9A1E7A4F7556}") = "GoGL", "..\..\GoGL\GoGL\GoGL.csproj", "{7341B94A-1F5C-43A6-AA59-4E3439334BC2}"
EndProject
Global
	GlobalSection(SolutionConfigurationPlatforms) = preSolution
		Debug|Any CPU = Debug|Any CPU
		Release|Any CPU = Release|Any CPU
	EndGlobalSection
	GlobalSection(ProjectConfigurationPlatforms) = postSolution
		{12DEBE20-F552-4497-B516-63B4048848CB}.Debug|Any CPU.ActiveCfg = Debug|Any CPU
		{12DEBE20-F552-4497-B516-63B4048848CB}.Debug|Any CPU.Build.0 = Debug|Any CPU
		{12DEBE20-F552-4497-B516-63B4048848CB}.Release|Any CPU.ActiveCfg = Release|Any CPU
		{12DEBE20-F552-4497-B516-63B4048848CB}.Release|Any CPU.Build.0 = Release|Any CPU
		{7341B94A-1F5C-43A6-AA59-4E3439334BC2}.Debug|Any CPU.ActiveCfg = Debug|Any CPU
		{7341B94A-1F5C-43A6-AA59-4E3439334BC2}.Debug|Any CPU.Build.0 = Debug|Any CPU
		{7341B94A-1F5C-43A6-AA59-4E3439334BC2}.Release|Any CPU.ActiveCfg = Release|Any CPU
		{7341B94A-1F5C-43A6-AA59-4E3439334BC2}.Release|Any CPU.Build.0 = Release|Any CPU
	EndGlobalSection
	GlobalSection(SolutionProperties) = preSolution
		HideSolutionNode = FALSE
	EndGlobalSection
	GlobalSection(ExtensibilityGlobals) = postSolution
		SolutionGuid = {FF60B863-DB8E-47B6-8BFB-DB8E598DD596}
	EndGlobalSection
EndGlobal
